
Microsoft Visual Studio Solution File, Format Version 12.00
# Visual Studio 2012
Project("{FAE04EC0-301F-11D3-BF4B-00C04F79EFBC}") = "Cudafy_ripple", "Cudafy_ripple\Cudafy_ripple.csproj", "{F1FB6158-E2C9-4832-A290-C68BAAE271F5}"
EndProject
Global
	GlobalSection(SolutionConfigurationPlatforms) = preSolution
		Debug|Any CPU = Debug|Any CPU
		Release|Any CPU = Release|Any CPU
	EndGlobalSection
	GlobalSection(ProjectConfigurationPlatforms) = postSolution
		{F1FB6158-E2C9-4832-A290-C68BAAE271F5}.Debug|Any CPU.ActiveCfg = Debug|Any CPU
		{F1FB6158-E2C9-4832-A290-C68BAAE271F5}.Debug|Any CPU.Build.0 = Debug|Any CPU
		{F1FB6158-E2C9-4832-A290-C68BAAE271F5}.Release|Any CPU.ActiveCfg = Release|Any CPU
		{F1FB6158-E2C9-4832-A290-C68BAAE271F5}.Release|Any CPU.Build.0 = Release|Any CPU
	EndGlobalSection
	GlobalSection(SolutionProperties) = preSolution
		HideSolutionNode = FALSE
	EndGlobalSection
EndGlobal
