
Microsoft Visual Studio Solution File, Format Version 12.00
# Visual Studio 2012
Project("{FAE04EC0-301F-11D3-BF4B-00C04F79EFBC}") = "openclNET_test_image", "openclNET_test_image\openclNET_test_image.csproj", "{68E02741-61B8-4037-8A3B-AB13970344AA}"
EndProject
Global
	GlobalSection(SolutionConfigurationPlatforms) = preSolution
		Debug|Any CPU = Debug|Any CPU
		Release|Any CPU = Release|Any CPU
	EndGlobalSection
	GlobalSection(ProjectConfigurationPlatforms) = postSolution
		{68E02741-61B8-4037-8A3B-AB13970344AA}.Debug|Any CPU.ActiveCfg = Debug|Any CPU
		{68E02741-61B8-4037-8A3B-AB13970344AA}.Debug|Any CPU.Build.0 = Debug|Any CPU
		{68E02741-61B8-4037-8A3B-AB13970344AA}.Release|Any CPU.ActiveCfg = Release|Any CPU
		{68E02741-61B8-4037-8A3B-AB13970344AA}.Release|Any CPU.Build.0 = Release|Any CPU
	EndGlobalSection
	GlobalSection(SolutionProperties) = preSolution
		HideSolutionNode = FALSE
	EndGlobalSection
EndGlobal
