
Microsoft Visual Studio Solution File, Format Version 12.00
# Visual Studio 2012
Project("{FAE04EC0-301F-11D3-BF4B-00C04F79EFBC}") = "Histogram_sharedMemory_atomics", "Histogram_sharedMemory_atomics\Histogram_sharedMemory_atomics.csproj", "{F14FFC5D-48D3-4FD0-9BD2-73DF012C80C0}"
EndProject
Global
	GlobalSection(SolutionConfigurationPlatforms) = preSolution
		Debug|Any CPU = Debug|Any CPU
		Release|Any CPU = Release|Any CPU
	EndGlobalSection
	GlobalSection(ProjectConfigurationPlatforms) = postSolution
		{F14FFC5D-48D3-4FD0-9BD2-73DF012C80C0}.Debug|Any CPU.ActiveCfg = Debug|Any CPU
		{F14FFC5D-48D3-4FD0-9BD2-73DF012C80C0}.Debug|Any CPU.Build.0 = Debug|Any CPU
		{F14FFC5D-48D3-4FD0-9BD2-73DF012C80C0}.Release|Any CPU.ActiveCfg = Release|Any CPU
		{F14FFC5D-48D3-4FD0-9BD2-73DF012C80C0}.Release|Any CPU.Build.0 = Release|Any CPU
	EndGlobalSection
	GlobalSection(SolutionProperties) = preSolution
		HideSolutionNode = FALSE
	EndGlobalSection
EndGlobal
