
Microsoft Visual Studio Solution File, Format Version 12.00
# Visual Studio 2012
Project("{FAE04EC0-301F-11D3-BF4B-00C04F79EFBC}") = "Basic_double_stream", "Basic_double_stream\Basic_double_stream.csproj", "{5139EFBD-9A56-4E19-B469-3563856BB63D}"
EndProject
Global
	GlobalSection(SolutionConfigurationPlatforms) = preSolution
		Debug|Any CPU = Debug|Any CPU
		Release|Any CPU = Release|Any CPU
	EndGlobalSection
	GlobalSection(ProjectConfigurationPlatforms) = postSolution
		{5139EFBD-9A56-4E19-B469-3563856BB63D}.Debug|Any CPU.ActiveCfg = Debug|Any CPU
		{5139EFBD-9A56-4E19-B469-3563856BB63D}.Debug|Any CPU.Build.0 = Debug|Any CPU
		{5139EFBD-9A56-4E19-B469-3563856BB63D}.Release|Any CPU.ActiveCfg = Release|Any CPU
		{5139EFBD-9A56-4E19-B469-3563856BB63D}.Release|Any CPU.Build.0 = Release|Any CPU
	EndGlobalSection
	GlobalSection(SolutionProperties) = preSolution
		HideSolutionNode = FALSE
	EndGlobalSection
EndGlobal
