
Microsoft Visual Studio Solution File, Format Version 12.00
# Visual Studio 2012
Project("{FAE04EC0-301F-11D3-BF4B-00C04F79EFBC}") = "Cudafy_ListDevices", "Cudafy_ListDevices\Cudafy_ListDevices.csproj", "{DB80991A-9933-459D-9747-35D84BD9CAC7}"
EndProject
Global
	GlobalSection(SolutionConfigurationPlatforms) = preSolution
		Debug|Any CPU = Debug|Any CPU
		Release|Any CPU = Release|Any CPU
	EndGlobalSection
	GlobalSection(ProjectConfigurationPlatforms) = postSolution
		{DB80991A-9933-459D-9747-35D84BD9CAC7}.Debug|Any CPU.ActiveCfg = Debug|Any CPU
		{DB80991A-9933-459D-9747-35D84BD9CAC7}.Debug|Any CPU.Build.0 = Debug|Any CPU
		{DB80991A-9933-459D-9747-35D84BD9CAC7}.Release|Any CPU.ActiveCfg = Release|Any CPU
		{DB80991A-9933-459D-9747-35D84BD9CAC7}.Release|Any CPU.Build.0 = Release|Any CPU
	EndGlobalSection
	GlobalSection(SolutionProperties) = preSolution
		HideSolutionNode = FALSE
	EndGlobalSection
EndGlobal
